
Microsoft Visual Studio Solution File, Format Version 12.00
# Visual Studio 14
VisualStudioVersion = 14.0.25123.0
MinimumVisualStudioVersion = 10.0.40219.1
Project("{FAE04EC0-301F-11D3-BF4B-00C04F79EFBC}") = "RGBControllerCommunicator", "RGBControllerCommunicator\RGBControllerCommunicator.csproj", "{80787294-3B9B-424B-9844-2E6C5E8A03CD}"
EndProject
Project("{FAE04EC0-301F-11D3-BF4B-00C04F79EFBC}") = "TestingConsoleAplication", "TestingConsoleAplication\TestingConsoleAplication.csproj", "{FC14C686-7A3A-40CC-B57A-61D5A07031B2}"
EndProject
Project("{FAE04EC0-301F-11D3-BF4B-00C04F79EFBC}") = "Hue Light", "Hue Light\Hue Light.csproj", "{BED711E5-FFFA-49F3-827E-7A5E37037352}"
EndProject
Global
	GlobalSection(SolutionConfigurationPlatforms) = preSolution
		Debug|Any CPU = Debug|Any CPU
		Release|Any CPU = Release|Any CPU
	EndGlobalSection
	GlobalSection(ProjectConfigurationPlatforms) = postSolution
		{80787294-3B9B-424B-9844-2E6C5E8A03CD}.Debug|Any CPU.ActiveCfg = Debug|Any CPU
		{80787294-3B9B-424B-9844-2E6C5E8A03CD}.Debug|Any CPU.Build.0 = Debug|Any CPU
		{80787294-3B9B-424B-9844-2E6C5E8A03CD}.Release|Any CPU.ActiveCfg = Release|Any CPU
		{80787294-3B9B-424B-9844-2E6C5E8A03CD}.Release|Any CPU.Build.0 = Release|Any CPU
		{FC14C686-7A3A-40CC-B57A-61D5A07031B2}.Debug|Any CPU.ActiveCfg = Debug|Any CPU
		{FC14C686-7A3A-40CC-B57A-61D5A07031B2}.Debug|Any CPU.Build.0 = Debug|Any CPU
		{FC14C686-7A3A-40CC-B57A-61D5A07031B2}.Release|Any CPU.ActiveCfg = Release|Any CPU
		{FC14C686-7A3A-40CC-B57A-61D5A07031B2}.Release|Any CPU.Build.0 = Release|Any CPU
		{BED711E5-FFFA-49F3-827E-7A5E37037352}.Debug|Any CPU.ActiveCfg = Debug|Any CPU
		{BED711E5-FFFA-49F3-827E-7A5E37037352}.Debug|Any CPU.Build.0 = Debug|Any CPU
		{BED711E5-FFFA-49F3-827E-7A5E37037352}.Release|Any CPU.ActiveCfg = Release|Any CPU
		{BED711E5-FFFA-49F3-827E-7A5E37037352}.Release|Any CPU.Build.0 = Release|Any CPU
	EndGlobalSection
	GlobalSection(SolutionProperties) = preSolution
		HideSolutionNode = FALSE
	EndGlobalSection
EndGlobal
